
Microsoft Visual Studio Solution File, Format Version 12.00
# Visual Studio Version 17
VisualStudioVersion = 17.6.33723.286
MinimumVisualStudioVersion = 10.0.40219.1
Project("{FAE04EC0-301F-11D3-BF4B-00C04F79EFBC}") = "ImageToTitleScreen", "ImageToTitleScreen.csproj", "{33F592D0-DF8C-4626-9FDC-2D50989C75EC}"
EndProject
Global
	GlobalSection(SolutionConfigurationPlatforms) = preSolution
		Debug|Any CPU = Debug|Any CPU
		Release|Any CPU = Release|Any CPU
	EndGlobalSection
	GlobalSection(ProjectConfigurationPlatforms) = postSolution
		{33F592D0-DF8C-4626-9FDC-2D50989C75EC}.Debug|Any CPU.ActiveCfg = Debug|Any CPU
		{33F592D0-DF8C-4626-9FDC-2D50989C75EC}.Debug|Any CPU.Build.0 = Debug|Any CPU
		{33F592D0-DF8C-4626-9FDC-2D50989C75EC}.Release|Any CPU.ActiveCfg = Release|Any CPU
		{33F592D0-DF8C-4626-9FDC-2D50989C75EC}.Release|Any CPU.Build.0 = Release|Any CPU
	EndGlobalSection
	GlobalSection(SolutionProperties) = preSolution
		HideSolutionNode = FALSE
	EndGlobalSection
	GlobalSection(ExtensibilityGlobals) = postSolution
		SolutionGuid = {134F4D23-7465-42D4-8726-71172DF96F4F}
	EndGlobalSection
EndGlobal
